
Microsoft Visual Studio Solution File, Format Version 12.00
# Visual Studio Version 17
VisualStudioVersion = 17.6.33513.286
MinimumVisualStudioVersion = 10.0.40219.1
Project("{9A19103F-16F7-4668-BE54-9A1E7A4F7556}") = "BlazorQuickGridApp1", "BlazorQuickGridApp1\BlazorQuickGridApp1.csproj", "{98664FE6-72B1-400B-B4D5-EBF7ABCB89B7}"
EndProject
Global
	GlobalSection(SolutionConfigurationPlatforms) = preSolution
		Debug|Any CPU = Debug|Any CPU
		Release|Any CPU = Release|Any CPU
	EndGlobalSection
	GlobalSection(ProjectConfigurationPlatforms) = postSolution
		{98664FE6-72B1-400B-B4D5-EBF7ABCB89B7}.Debug|Any CPU.ActiveCfg = Debug|Any CPU
		{98664FE6-72B1-400B-B4D5-EBF7ABCB89B7}.Debug|Any CPU.Build.0 = Debug|Any CPU
		{98664FE6-72B1-400B-B4D5-EBF7ABCB89B7}.Release|Any CPU.ActiveCfg = Release|Any CPU
		{98664FE6-72B1-400B-B4D5-EBF7ABCB89B7}.Release|Any CPU.Build.0 = Release|Any CPU
	EndGlobalSection
	GlobalSection(SolutionProperties) = preSolution
		HideSolutionNode = FALSE
	EndGlobalSection
	GlobalSection(ExtensibilityGlobals) = postSolution
		SolutionGuid = {1C36B1D0-19E7-4B3E-BB33-D315101CB88C}
	EndGlobalSection
EndGlobal
